{
  "version": 4,
  "terraform_version": "1.15.3",
  "serial": 48,
  "lineage": "8d3c6636-7723-78cd-f708-325f4772cc1f",
  "outputs": {
    "artifact_registry_url": {
      "value": "asia-southeast1-docker.pkg.dev/eyevesa/eyevesa-production",
      "type": "string"
    },
    "cloud_sql_connection": {
      "value": "eyevesa:asia-southeast1:eyevesa-production-88eb73d8",
      "type": "string"
    },
    "gateway_control_url": {
      "value": null,
      "type": "string"
    },
    "gateway_core_url": {
      "value": null,
      "type": "string"
    },
    "resource_adapter_url": {
      "value": null,
      "type": "string"
    },
    "vpc_connector_id": {
      "value": "projects/eyevesa/locations/asia-southeast1/connectors/eyevesa-production",
      "type": "string"
    }
  },
  "resources": [
    {
      "mode": "data",
      "type": "google_iam_policy",
      "name": "cloudrun_invoker",
      "provider": "provider[\"registry.terraform.io/hashicorp/google\"]",
      "instances": [
        {
          "schema_version": 0,
          "attributes": {
            "audit_config": null,
            "binding": [
              {
                "condition": [],
                "members": [
                  "allUsers"
                ],
                "role": "roles/run.invoker"
              }
            ],
            "id": "3450855414",
            "policy_data": "{\"bindings\":[{\"members\":[\"allUsers\"],\"role\":\"roles/run.invoker\"}]}"
          },
          "sensitive_attributes": [],
          "identity_schema_version": 0
        }
      ]
    },
    {
      "mode": "managed",
      "type": "google_artifact_registry_repository",
      "name": "eyevesa",
      "provider": "provider[\"registry.terraform.io/hashicorp/google\"]",
      "instances": [
        {
          "schema_version": 0,
          "attributes": {
            "cleanup_policies": [],
            "cleanup_policy_dry_run": false,
            "create_time": "2026-05-19T00:27:50.342747Z",
            "description": "eyeVesa container images",
            "docker_config": [],
            "effective_labels": {},
            "format": "DOCKER",
            "id": "projects/eyevesa/locations/asia-southeast1/repositories/eyevesa-production",
            "kms_key_name": "",
            "labels": {},
            "location": "asia-southeast1",
            "maven_config": [],
            "mode": "STANDARD_REPOSITORY",
            "name": "eyevesa-production",
            "project": "eyevesa",
            "remote_repository_config": [],
            "repository_id": "eyevesa-production",
            "terraform_labels": {},
            "timeouts": null,
            "update_time": "2026-05-19T00:55:07.782112Z",
            "virtual_repository_config": []
          },
          "sensitive_attributes": [],
          "identity_schema_version": 0,
          "private": "eyJlMmJmYjczMC1lY2FhLTExZTYtOGY4OC0zNDM2M2JjN2M0YzAiOnsiY3JlYXRlIjoxMjAwMDAwMDAwMDAwLCJkZWxldGUiOjEyMDAwMDAwMDAwMDAsInVwZGF0ZSI6MTIwMDAwMDAwMDAwMH19"
        }
      ]
    },
    {
      "mode": "managed",
      "type": "google_cloud_run_v2_service",
      "name": "gateway_control",
      "provider": "provider[\"registry.terraform.io/hashicorp/google\"]",
      "instances": [
        {
          "status": "tainted",
          "schema_version": 0,
          "attributes": {
            "annotations": null,
            "binary_authorization": [],
            "client": null,
            "client_version": null,
            "conditions": null,
            "create_time": null,
            "creator": null,
            "custom_audiences": null,
            "delete_time": null,
            "description": null,
            "effective_annotations": null,
            "effective_labels": null,
            "etag": null,
            "expire_time": null,
            "generation": null,
            "id": "projects/eyevesa/locations/asia-southeast1/services/gateway-control-production",
            "ingress": null,
            "labels": null,
            "last_modifier": null,
            "latest_created_revision": null,
            "latest_ready_revision": null,
            "launch_stage": null,
            "location": "asia-southeast1",
            "name": "gateway-control-production",
            "observed_generation": null,
            "project": "eyevesa",
            "reconciling": null,
            "template": [
              {
                "annotations": null,
                "containers": [
                  {
                    "args": null,
                    "command": null,
                    "depends_on": null,
                    "env": [
                      {
                        "name": "DATABASE_URL",
                        "value": "postgres://agentid:wBJAHMHjh7iPtylBCdHzqmc32z1aKhMP@/eyevesa-production-88eb73d8?host=/cloudsql/eyevesa:asia-southeast1:eyevesa-production-88eb73d8\u0026dbname=agentid\u0026sslmode=disable",
                        "value_source": []
                      },
                      {
                        "name": "AUTH_ENABLED",
                        "value": "true",
                        "value_source": []
                      },
                      {
                        "name": "JWT_SECRET",
                        "value": "9CnUEAXwBhxQibM8bQDUAvqDRGj3ytVOPcZNjS3cRJLhQctIt8cWwE7I9Ydg0afV",
                        "value_source": []
                      },
                      {
                        "name": "OPA_ENDPOINT",
                        "value": "",
                        "value_source": []
                      },
                      {
                        "name": "POLICY_DIR",
                        "value": "/policies",
                        "value_source": []
                      },
                      {
                        "name": "GATEWAY_KEY_PATH",
                        "value": "/secrets/gateway-ed25519.key",
                        "value_source": []
                      },
                      {
                        "name": "PTV_KEY_PATH",
                        "value": "/secrets/ptv-ecdsa.key",
                        "value_source": []
                      }
                    ],
                    "image": "asia-southeast1-docker.pkg.dev/eyevesa/eyevesa-production/gateway-control:latest",
                    "liveness_probe": [],
                    "name": "gateway-control",
                    "ports": [
                      {
                        "container_port": 8080,
                        "name": ""
                      }
                    ],
                    "resources": [
                      {
                        "cpu_idle": false,
                        "limits": {
                          "cpu": "2000m",
                          "memory": "512Mi"
                        },
                        "startup_cpu_boost": false
                      }
                    ],
                    "startup_probe": [],
                    "volume_mounts": [
                      {
                        "mount_path": "/cloudsql",
                        "name": "cloudsql"
                      },
                      {
                        "mount_path": "/secrets",
                        "name": "secrets"
                      }
                    ],
                    "working_dir": ""
                  }
                ],
                "encryption_key": "",
                "execution_environment": "",
                "labels": null,
                "max_instance_request_concurrency": 0,
                "revision": "",
                "scaling": [],
                "service_account": "",
                "session_affinity": false,
                "timeout": "",
                "volumes": [
                  {
                    "cloud_sql_instance": [
                      {
                        "instances": [
                          "eyevesa:asia-southeast1:eyevesa-production-88eb73d8"
                        ]
                      }
                    ],
                    "gcs": [],
                    "name": "cloudsql",
                    "nfs": [],
                    "secret": []
                  },
                  {
                    "cloud_sql_instance": [],
                    "gcs": [],
                    "name": "secrets",
                    "nfs": [],
                    "secret": [
                      {
                        "default_mode": 256,
                        "items": [],
                        "secret": "eyevesa-gateway-ed25519-key-production"
                      }
                    ]
                  }
                ],
                "vpc_access": [
                  {
                    "connector": "projects/eyevesa/locations/asia-southeast1/connectors/eyevesa-production",
                    "egress": "PRIVATE_RANGES_ONLY",
                    "network_interfaces": []
                  }
                ]
              }
            ],
            "terminal_condition": null,
            "terraform_labels": null,
            "timeouts": null,
            "traffic": null,
            "traffic_statuses": null,
            "uid": null,
            "update_time": null,
            "uri": null
          },
          "sensitive_attributes": [
            [
              {
                "type": "get_attr",
                "value": "template"
              },
              {
                "type": "index",
                "value": {
                  "value": 0,
                  "type": "number"
                }
              },
              {
                "type": "get_attr",
                "value": "containers"
              },
              {
                "type": "index",
                "value": {
                  "value": 0,
                  "type": "number"
                }
              },
              {
                "type": "get_attr",
                "value": "env"
              },
              {
                "type": "index",
                "value": {
                  "value": 0,
                  "type": "number"
                }
              },
              {
                "type": "get_attr",
                "value": "value"
              }
            ],
            [
              {
                "type": "get_attr",
                "value": "template"
              },
              {
                "type": "index",
                "value": {
                  "value": 0,
                  "type": "number"
                }
              },
              {
                "type": "get_attr",
                "value": "containers"
              },
              {
                "type": "index",
                "value": {
                  "value": 0,
                  "type": "number"
                }
              },
              {
                "type": "get_attr",
                "value": "env"
              },
              {
                "type": "index",
                "value": {
                  "value": 2,
                  "type": "number"
                }
              },
              {
                "type": "get_attr",
                "value": "value"
              }
            ]
          ],
          "identity_schema_version": 0,
          "private": "eyJlMmJmYjczMC1lY2FhLTExZTYtOGY4OC0zNDM2M2JjN2M0YzAiOnsiY3JlYXRlIjoxMjAwMDAwMDAwMDAwLCJkZWxldGUiOjEyMDAwMDAwMDAwMDAsInVwZGF0ZSI6MTIwMDAwMDAwMDAwMH19",
          "dependencies": [
            "google_artifact_registry_repository.eyevesa",
            "google_compute_global_address.private_service_access",
            "google_compute_network.eyevesa",
            "google_secret_manager_secret.gateway_key",
            "google_service_networking_connection.private_service_access",
            "google_sql_database_instance.eyevesa",
            "google_vpc_access_connector.eyevesa",
            "random_id.db_name"
          ]
        }
      ]
    },
    {
      "mode": "managed",
      "type": "google_compute_backend_bucket",
      "name": "eyevesa",
      "provider": "provider[\"registry.terraform.io/hashicorp/google\"]",
      "instances": [
        {
          "schema_version": 0,
          "attributes": {
            "bucket_name": "eyevesa-static-production-88eb73d8",
            "cdn_policy": [],
            "compression_mode": "",
            "creation_timestamp": "2026-05-18T17:44:57.178-07:00",
            "custom_response_headers": [],
            "description": "",
            "edge_security_policy": "",
            "enable_cdn": false,
            "id": "projects/eyevesa/global/backendBuckets/eyevesa-backend-production",
            "name": "eyevesa-backend-production",
            "project": "eyevesa",
            "self_link": "https://www.googleapis.com/compute/v1/projects/eyevesa/global/backendBuckets/eyevesa-backend-production",
            "timeouts": null
          },
          "sensitive_attributes": [],
          "identity_schema_version": 0,
          "private": "eyJlMmJmYjczMC1lY2FhLTExZTYtOGY4OC0zNDM2M2JjN2M0YzAiOnsiY3JlYXRlIjoxMjAwMDAwMDAwMDAwLCJkZWxldGUiOjEyMDAwMDAwMDAwMDAsInVwZGF0ZSI6MTIwMDAwMDAwMDAwMH19",
          "dependencies": [
            "google_storage_bucket.eyevesa_static",
            "random_id.db_name"
          ]
        }
      ]
    },
    {
      "mode": "managed",
      "type": "google_compute_global_address",
      "name": "eyevesa",
      "provider": "provider[\"registry.terraform.io/hashicorp/google\"]",
      "instances": [
        {
          "schema_version": 0,
          "attributes": {
            "address": "8.232.50.42",
            "address_type": "EXTERNAL",
            "creation_timestamp": "2026-05-18T17:44:55.591-07:00",
            "description": "",
            "effective_labels": {},
            "id": "projects/eyevesa/global/addresses/eyevesa-production",
            "ip_version": "",
            "label_fingerprint": "42WmSpB8rSM=",
            "labels": {},
            "name": "eyevesa-production",
            "network": "",
            "prefix_length": 0,
            "project": "eyevesa",
            "purpose": "",
            "self_link": "https://www.googleapis.com/compute/v1/projects/eyevesa/global/addresses/eyevesa-production",
            "terraform_labels": {},
            "timeouts": null
          },
          "sensitive_attributes": [],
          "identity_schema_version": 0,
          "private": "eyJlMmJmYjczMC1lY2FhLTExZTYtOGY4OC0zNDM2M2JjN2M0YzAiOnsiY3JlYXRlIjoxMjAwMDAwMDAwMDAwLCJkZWxldGUiOjEyMDAwMDAwMDAwMDAsInVwZGF0ZSI6MTIwMDAwMDAwMDAwMH19"
        }
      ]
    },
    {
      "mode": "managed",
      "type": "google_compute_global_address",
      "name": "private_service_access",
      "provider": "provider[\"registry.terraform.io/hashicorp/google\"]",
      "instances": [
        {
          "schema_version": 0,
          "attributes": {
            "address": "10.178.0.0",
            "address_type": "INTERNAL",
            "creation_timestamp": "2026-05-18T17:55:08.119-07:00",
            "description": "",
            "effective_labels": {},
            "id": "projects/eyevesa/global/addresses/eyevesa-private-service-access-production",
            "ip_version": "",
            "label_fingerprint": "42WmSpB8rSM=",
            "labels": {},
            "name": "eyevesa-private-service-access-production",
            "network": "https://www.googleapis.com/compute/v1/projects/eyevesa/global/networks/eyevesa-production",
            "prefix_length": 16,
            "project": "eyevesa",
            "purpose": "VPC_PEERING",
            "self_link": "https://www.googleapis.com/compute/v1/projects/eyevesa/global/addresses/eyevesa-private-service-access-production",
            "terraform_labels": {},
            "timeouts": null
          },
          "sensitive_attributes": [],
          "identity_schema_version": 0,
          "private": "eyJlMmJmYjczMC1lY2FhLTExZTYtOGY4OC0zNDM2M2JjN2M0YzAiOnsiY3JlYXRlIjoxMjAwMDAwMDAwMDAwLCJkZWxldGUiOjEyMDAwMDAwMDAwMDAsInVwZGF0ZSI6MTIwMDAwMDAwMDAwMH19",
          "dependencies": [
            "google_compute_network.eyevesa"
          ]
        }
      ]
    },
    {
      "mode": "managed",
      "type": "google_compute_health_check",
      "name": "eyevesa",
      "provider": "provider[\"registry.terraform.io/hashicorp/google\"]",
      "instances": [
        {
          "schema_version": 0,
          "attributes": {
            "check_interval_sec": 10,
            "creation_timestamp": "2026-05-18T17:44:55.494-07:00",
            "description": "",
            "grpc_health_check": [],
            "healthy_threshold": 2,
            "http2_health_check": [],
            "http_health_check": [
              {
                "host": "",
                "port": 9443,
                "port_name": "",
                "port_specification": "",
                "proxy_header": "NONE",
                "request_path": "/health",
                "response": ""
              }
            ],
            "https_health_check": [],
            "id": "projects/eyevesa/global/healthChecks/eyevesa-production",
            "log_config": [
              {
                "enable": false
              }
            ],
            "name": "eyevesa-production",
            "project": "eyevesa",
            "self_link": "https://www.googleapis.com/compute/v1/projects/eyevesa/global/healthChecks/eyevesa-production",
            "source_regions": [],
            "ssl_health_check": [],
            "tcp_health_check": [],
            "timeout_sec": 5,
            "timeouts": null,
            "type": "HTTP",
            "unhealthy_threshold": 2
          },
          "sensitive_attributes": [],
          "identity_schema_version": 0,
          "private": "eyJlMmJmYjczMC1lY2FhLTExZTYtOGY4OC0zNDM2M2JjN2M0YzAiOnsiY3JlYXRlIjoxMjAwMDAwMDAwMDAwLCJkZWxldGUiOjEyMDAwMDAwMDAwMDAsInVwZGF0ZSI6MTIwMDAwMDAwMDAwMH19"
        }
      ]
    },
    {
      "mode": "managed",
      "type": "google_compute_network",
      "name": "eyevesa",
      "provider": "provider[\"registry.terraform.io/hashicorp/google\"]",
      "instances": [
        {
          "schema_version": 0,
          "attributes": {
            "auto_create_subnetworks": false,
            "delete_default_routes_on_create": false,
            "description": "",
            "enable_ula_internal_ipv6": false,
            "gateway_ipv4": "",
            "id": "projects/eyevesa/global/networks/eyevesa-production",
            "internal_ipv6_range": "",
            "mtu": 0,
            "name": "eyevesa-production",
            "network_firewall_policy_enforcement_order": "AFTER_CLASSIC_FIREWALL",
            "numeric_id": "803021285220551784",
            "project": "eyevesa",
            "routing_mode": "REGIONAL",
            "self_link": "https://www.googleapis.com/compute/v1/projects/eyevesa/global/networks/eyevesa-production",
            "timeouts": null
          },
          "sensitive_attributes": [],
          "identity_schema_version": 0,
          "private": "eyJlMmJmYjczMC1lY2FhLTExZTYtOGY4OC0zNDM2M2JjN2M0YzAiOnsiY3JlYXRlIjoxMjAwMDAwMDAwMDAwLCJkZWxldGUiOjEyMDAwMDAwMDAwMDAsInVwZGF0ZSI6MTIwMDAwMDAwMDAwMH19"
        }
      ]
    },
    {
      "mode": "managed",
      "type": "google_compute_ssl_certificate",
      "name": "eyevesa",
      "provider": "provider[\"registry.terraform.io/hashicorp/google\"]",
      "instances": [
        {
          "schema_version": 0,
          "attributes": {
            "certificate": "-----BEGIN CERTIFICATE-----\nMIIDPDCCAiSgAwIBAgIQQ303M2nsgog5RdZ8VFUcZDANBgkqhkiG9w0BAQsFADAv\nMRAwDgYDVQQKEwdleWVWZXNhMRswGQYDVQQDExJnYXRld2F5LmV5ZXZlc2EuYWkw\nHhcNMjYwNTE5MDA0NDU0WhcNMjcwNTE5MDA0NDU0WjAvMRAwDgYDVQQKEwdleWVW\nZXNhMRswGQYDVQQDExJnYXRld2F5LmV5ZXZlc2EuYWkwggEiMA0GCSqGSIb3DQEB\nAQUAA4IBDwAwggEKAoIBAQDUGdqtCN+d8/zzJ75NToFiiwLO/fGqnUb5mzpWsCek\nAlrGp+KfP2y89c/1F1Dyo26BOJERQIiHWZIJHm8AtFoO4IZQaU0GoXj0dqzRNc4p\nRBqq7cwrTs83wkHtJdbBmxdU6f4rzMTHcyRbz8GSj9uQBo2UQy4CF/hsEPayS80/\n3HJoayuGDwIEN8bTqs8syaWv9HPDKGQT+Qmxk6MBXTg46ODIqCxR/kqvWE1wMJgs\nmrTrc01yW10qY2aM6W6DtmVEqK68cAqP1Dlivg0duxbWfjbphSdKLh+57KW+bZKw\nyIkW3NXk/RBea1QuBMcjqeDa5gLK/QhY//vaIF3aferbAgMBAAGjVDBSMA4GA1Ud\nDwEB/wQEAwIFoDATBgNVHSUEDDAKBggrBgEFBQcDATAMBgNVHRMBAf8EAjAAMB0G\nA1UdEQQWMBSCEmdhdGV3YXkuZXlldmVzYS5haTANBgkqhkiG9w0BAQsFAAOCAQEA\nyXEjOxo6XuE7gVk0EVIl6i83Ij9bCe3GJJdyZYViadFt0DxoNW1CFB7qRinpcFuj\n2qycIgfOa8SbncgK9eSTpl3OLIG3/iRBuLLNC06z+EVDqIcecI5Uj6+T6sjhMVmC\nEAWBahEGRrpOxb6H4Tzt7ZlOZK57UIQ0X4hwmnzBCxc/hk+itwLIG3V5ZcFzIwqX\n1T2nLf+wWqWVaeQ9XJtjlNF7mqdQ/FVYP3R1/PmIqpkThbBnQRebjS5BOSqTaEMQ\nu3PHUaZvco12X3tL9zhWvx4tOx7t+kyq8JCqK6IKaJMDQBHkEtcII5YnW/sMD9vX\ncoQKQTQV82KMxshXVy6Muw==\n-----END CERTIFICATE-----\n",
            "certificate_id": 5209896153141087336,
            "creation_timestamp": "2026-05-18T17:44:55.693-07:00",
            "description": "",
            "expire_time": "2027-05-18T17:44:54.000-07:00",
            "id": "projects/eyevesa/global/sslCertificates/eyevesa-production",
            "name": "eyevesa-production",
            "name_prefix": null,
            "private_key": "-----BEGIN RSA PRIVATE KEY-----\nMIIEpAIBAAKCAQEA1BnarQjfnfP88ye+TU6BYosCzv3xqp1G+Zs6VrAnpAJaxqfi\nnz9svPXP9RdQ8qNugTiREUCIh1mSCR5vALRaDuCGUGlNBqF49Has0TXOKUQaqu3M\nK07PN8JB7SXWwZsXVOn+K8zEx3MkW8/Bko/bkAaNlEMuAhf4bBD2skvNP9xyaGsr\nhg8CBDfG06rPLMmlr/RzwyhkE/kJsZOjAV04OOjgyKgsUf5Kr1hNcDCYLJq063NN\ncltdKmNmjOlug7ZlRKiuvHAKj9Q5Yr4NHbsW1n426YUnSi4fueylvm2SsMiJFtzV\n5P0QXmtULgTHI6ng2uYCyv0IWP/72iBd2n3q2wIDAQABAoIBABoiMWJ+pGbm6DTh\nob4OvTxyGl98xKkcBeG9cZu6yreXnq25g9/RRcmmlAAD5nJvFq+PU7iHdgsPS0Ia\nYNz6W9pXadVAlEAL50Zf1P1WHtfQz2ReNnjjlf6tzce1kNd8D4zj4/Bro5dbpZA2\ncghn90qwtAMfn+ycHXzbPjpLwrdqbXcsKyReXksXzBuXeCRYEkcODi1BnfsJubGZ\n7aWQzULEpyQD+5aGDhZQXhH0KPV84SeqnW1nNXWqQdvRLbFCaUE83hbUDhAK2HYb\nU/uvsPuxjpHMufWbDmft7w+V/Wig9uBkVn4qQIk/4SbnjjU/8W9QIwWfkeZpDp25\nCi7Y0ukCgYEA1G4rdWbxxorAuQV7/uvgL93MnYi5SY4vB90zH6JbjOuHdLTqvIlv\n4pz+mnPSxpFcxwJpn93Sp87aX6xjHBCKJfwBSKXmVFAqaOssD5XkLY6kJXTtITQ/\n36gsKdlPWg0WK1F0wGKRtJy6BbequUpF8HgCHWsG88Q8lPSN810aP/8CgYEA/5pk\nKN5cZR4IBj9wSca4/6kfJJZxKCJQqEpjAoPtEV3+3HE6Q1oNOuIt7+iLgViblzez\nIGAb8MXHwATa23SYn2rz0ubSF8NsS4HRI7NIWrN3Neb/9AEqMyqw8y0U7rh7YK0t\nyUeupCZeEu5rZFcuqBiHcKcdgIebpVOXbZGNVSUCgYB7HGIJRyDlfHJWiAwlX9Ps\nSbGUtrETJNiyyQog0joWgEVfaJ4Fp+z0uyF+p5NGyuWm3AoUwTydTe8WtVQ25or5\nmoOv8515zX/WkDxXx/mWQW112761mI9P8imuEye+u4jWj/2GpVll/9J7D8dcXOQN\nia9IF0fPLDIj7Vr66EEXRwKBgQCFnlxF0RhT9AMV4Qv+RVhoriyNn+e/p1Cq6Vgg\n9H512cFl0/s1QlowMhT5mYN0NrH/typ4/kUc9QebJe6TUryGeg7Ebc3ehlaSkmaW\nVx6366GiGAQttn4tCWA/f421zdMRkvaghkyRm00KcIDLj5fgYBJNnc8aZcnD/5Ll\nwHU10QKBgQCp/GYyS7Zw/hLJLPhuSWUxjYzfDdTRPGloLgg8q9mgFUJSi38HVBUG\nT1mYm7dZ4mZeUa3iEg2J/LBZYYaVU1BiZSYgquVegtmvnAlNUhPPszZXoOimpiA5\n3hL63/9HiNH2KiN9rOJC/3PmvahDTkmS9CKAjH2t+pQEeGytgpi6Pw==\n-----END RSA PRIVATE KEY-----\n",
            "project": "eyevesa",
            "self_link": "https://www.googleapis.com/compute/v1/projects/eyevesa/global/sslCertificates/eyevesa-production",
            "timeouts": null
          },
          "sensitive_attributes": [
            [
              {
                "type": "get_attr",
                "value": "certificate"
              }
            ],
            [
              {
                "type": "get_attr",
                "value": "private_key"
              }
            ]
          ],
          "identity_schema_version": 0,
          "private": "eyJlMmJmYjczMC1lY2FhLTExZTYtOGY4OC0zNDM2M2JjN2M0YzAiOnsiY3JlYXRlIjoxMjAwMDAwMDAwMDAwLCJkZWxldGUiOjEyMDAwMDAwMDAwMDB9fQ==",
          "dependencies": [
            "tls_private_key.eyevesa",
            "tls_self_signed_cert.eyevesa"
          ]
        }
      ]
    },
    {
      "mode": "managed",
      "type": "google_compute_subnetwork",
      "name": "eyevesa",
      "provider": "provider[\"registry.terraform.io/hashicorp/google\"]",
      "instances": [
        {
          "schema_version": 0,
          "attributes": {
            "creation_timestamp": "2026-05-18T17:45:33.718-07:00",
            "description": "",
            "external_ipv6_prefix": "",
            "fingerprint": null,
            "gateway_address": "10.0.0.1",
            "id": "projects/eyevesa/regions/asia-southeast1/subnetworks/eyevesa-production",
            "internal_ipv6_prefix": "",
            "ip_cidr_range": "10.0.0.0/24",
            "ipv6_access_type": "",
            "ipv6_cidr_range": "",
            "log_config": [],
            "name": "eyevesa-production",
            "network": "https://www.googleapis.com/compute/v1/projects/eyevesa/global/networks/eyevesa-production",
            "private_ip_google_access": false,
            "private_ipv6_google_access": "DISABLE_GOOGLE_ACCESS",
            "project": "eyevesa",
            "purpose": "PRIVATE",
            "region": "asia-southeast1",
            "role": "",
            "secondary_ip_range": [
              {
                "ip_cidr_range": "10.1.0.0/20",
                "range_name": "pod-range"
              },
              {
                "ip_cidr_range": "10.2.0.0/20",
                "range_name": "service-range"
              }
            ],
            "self_link": "https://www.googleapis.com/compute/v1/projects/eyevesa/regions/asia-southeast1/subnetworks/eyevesa-production",
            "send_secondary_ip_range_if_empty": null,
            "stack_type": "IPV4_ONLY",
            "timeouts": null
          },
          "sensitive_attributes": [],
          "identity_schema_version": 0,
          "private": "eyJlMmJmYjczMC1lY2FhLTExZTYtOGY4OC0zNDM2M2JjN2M0YzAiOnsiY3JlYXRlIjoxMjAwMDAwMDAwMDAwLCJkZWxldGUiOjEyMDAwMDAwMDAwMDAsInVwZGF0ZSI6MTIwMDAwMDAwMDAwMH0sInNjaGVtYV92ZXJzaW9uIjoiMCJ9",
          "dependencies": [
            "google_compute_network.eyevesa"
          ]
        }
      ]
    },
    {
      "mode": "managed",
      "type": "google_secret_manager_secret",
      "name": "db_password",
      "provider": "provider[\"registry.terraform.io/hashicorp/google\"]",
      "instances": [
        {
          "schema_version": 0,
          "attributes": {
            "annotations": {},
            "create_time": "2026-05-19T00:27:55.114428Z",
            "effective_annotations": {},
            "effective_labels": {},
            "expire_time": "",
            "id": "projects/eyevesa/secrets/eyevesa-db-password-production",
            "labels": {},
            "name": "projects/390848004484/secrets/eyevesa-db-password-production",
            "project": "eyevesa",
            "replication": [
              {
                "auto": [
                  {
                    "customer_managed_encryption": []
                  }
                ],
                "user_managed": []
              }
            ],
            "rotation": [],
            "secret_id": "eyevesa-db-password-production",
            "terraform_labels": {},
            "timeouts": null,
            "topics": [],
            "ttl": null,
            "version_aliases": {},
            "version_destroy_ttl": ""
          },
          "sensitive_attributes": [],
          "identity_schema_version": 0,
          "private": "eyJlMmJmYjczMC1lY2FhLTExZTYtOGY4OC0zNDM2M2JjN2M0YzAiOnsiY3JlYXRlIjoxMjAwMDAwMDAwMDAwLCJkZWxldGUiOjEyMDAwMDAwMDAwMDAsInVwZGF0ZSI6MTIwMDAwMDAwMDAwMH0sInNjaGVtYV92ZXJzaW9uIjoiMCJ9"
        }
      ]
    },
    {
      "mode": "managed",
      "type": "google_secret_manager_secret",
      "name": "gateway_key",
      "provider": "provider[\"registry.terraform.io/hashicorp/google\"]",
      "instances": [
        {
          "schema_version": 0,
          "attributes": {
            "annotations": {},
            "create_time": "2026-05-19T00:28:02.945327Z",
            "effective_annotations": {},
            "effective_labels": {},
            "expire_time": "",
            "id": "projects/eyevesa/secrets/eyevesa-gateway-ed25519-key-production",
            "labels": {},
            "name": "projects/390848004484/secrets/eyevesa-gateway-ed25519-key-production",
            "project": "eyevesa",
            "replication": [
              {
                "auto": [
                  {
                    "customer_managed_encryption": []
                  }
                ],
                "user_managed": []
              }
            ],
            "rotation": [],
            "secret_id": "eyevesa-gateway-ed25519-key-production",
            "terraform_labels": {},
            "timeouts": null,
            "topics": [],
            "ttl": null,
            "version_aliases": {},
            "version_destroy_ttl": ""
          },
          "sensitive_attributes": [],
          "identity_schema_version": 0,
          "private": "eyJlMmJmYjczMC1lY2FhLTExZTYtOGY4OC0zNDM2M2JjN2M0YzAiOnsiY3JlYXRlIjoxMjAwMDAwMDAwMDAwLCJkZWxldGUiOjEyMDAwMDAwMDAwMDAsInVwZGF0ZSI6MTIwMDAwMDAwMDAwMH0sInNjaGVtYV92ZXJzaW9uIjoiMCJ9"
        }
      ]
    },
    {
      "mode": "managed",
      "type": "google_secret_manager_secret",
      "name": "jwt_secret",
      "provider": "provider[\"registry.terraform.io/hashicorp/google\"]",
      "instances": [
        {
          "schema_version": 0,
          "attributes": {
            "annotations": {},
            "create_time": "2026-05-19T00:27:59.184250Z",
            "effective_annotations": {},
            "effective_labels": {},
            "expire_time": "",
            "id": "projects/eyevesa/secrets/eyevesa-jwt-secret-production",
            "labels": {},
            "name": "projects/390848004484/secrets/eyevesa-jwt-secret-production",
            "project": "eyevesa",
            "replication": [
              {
                "auto": [
                  {
                    "customer_managed_encryption": []
                  }
                ],
                "user_managed": []
              }
            ],
            "rotation": [],
            "secret_id": "eyevesa-jwt-secret-production",
            "terraform_labels": {},
            "timeouts": null,
            "topics": [],
            "ttl": null,
            "version_aliases": {},
            "version_destroy_ttl": ""
          },
          "sensitive_attributes": [],
          "identity_schema_version": 0,
          "private": "eyJlMmJmYjczMC1lY2FhLTExZTYtOGY4OC0zNDM2M2JjN2M0YzAiOnsiY3JlYXRlIjoxMjAwMDAwMDAwMDAwLCJkZWxldGUiOjEyMDAwMDAwMDAwMDAsInVwZGF0ZSI6MTIwMDAwMDAwMDAwMH0sInNjaGVtYV92ZXJzaW9uIjoiMCJ9"
        }
      ]
    },
    {
      "mode": "managed",
      "type": "google_secret_manager_secret_version",
      "name": "db_password",
      "provider": "provider[\"registry.terraform.io/hashicorp/google\"]",
      "instances": [
        {
          "schema_version": 0,
          "attributes": {
            "create_time": "2026-05-19T00:55:10.661648Z",
            "deletion_policy": "DELETE",
            "destroy_time": "",
            "enabled": true,
            "id": "projects/390848004484/secrets/eyevesa-db-password-production/versions/2",
            "is_secret_data_base64": false,
            "name": "projects/390848004484/secrets/eyevesa-db-password-production/versions/2",
            "secret": "projects/eyevesa/secrets/eyevesa-db-password-production",
            "secret_data": "wBJAHMHjh7iPtylBCdHzqmc32z1aKhMP",
            "timeouts": null,
            "version": "2"
          },
          "sensitive_attributes": [
            [
              {
                "type": "get_attr",
                "value": "secret_data"
              }
            ]
          ],
          "identity_schema_version": 0,
          "private": "eyJlMmJmYjczMC1lY2FhLTExZTYtOGY4OC0zNDM2M2JjN2M0YzAiOnsiY3JlYXRlIjoxMjAwMDAwMDAwMDAwLCJkZWxldGUiOjEyMDAwMDAwMDAwMDAsInVwZGF0ZSI6MTIwMDAwMDAwMDAwMH19",
          "dependencies": [
            "google_secret_manager_secret.db_password"
          ]
        }
      ]
    },
    {
      "mode": "managed",
      "type": "google_secret_manager_secret_version",
      "name": "gateway_key",
      "provider": "provider[\"registry.terraform.io/hashicorp/google\"]",
      "instances": [
        {
          "schema_version": 0,
          "attributes": {
            "create_time": "2026-05-19T00:55:10.450217Z",
            "deletion_policy": "DELETE",
            "destroy_time": "",
            "enabled": true,
            "id": "projects/390848004484/secrets/eyevesa-gateway-ed25519-key-production/versions/2",
            "is_secret_data_base64": false,
            "name": "projects/390848004484/secrets/eyevesa-gateway-ed25519-key-production/versions/2",
            "secret": "projects/eyevesa/secrets/eyevesa-gateway-ed25519-key-production",
            "secret_data": "LS0tLS1CRUdJTiBQUklWQVRFIEtFWS0tLS0tCk1DNENBUUF3QlFZREsyVndCQ0lFSUJ0THVPK2xkdURQVkFlOG4zNmJtOXhTK2J2YVU0SDJ5U05LUEpRMG5pRkwKLS0tLS1FTkQgUFJJVkFURSBLRVktLS0tLQo=",
            "timeouts": null,
            "version": "2"
          },
          "sensitive_attributes": [
            [
              {
                "type": "get_attr",
                "value": "secret_data"
              }
            ]
          ],
          "identity_schema_version": 0,
          "private": "eyJlMmJmYjczMC1lY2FhLTExZTYtOGY4OC0zNDM2M2JjN2M0YzAiOnsiY3JlYXRlIjoxMjAwMDAwMDAwMDAwLCJkZWxldGUiOjEyMDAwMDAwMDAwMDAsInVwZGF0ZSI6MTIwMDAwMDAwMDAwMH19",
          "dependencies": [
            "google_secret_manager_secret.gateway_key"
          ]
        }
      ]
    },
    {
      "mode": "managed",
      "type": "google_secret_manager_secret_version",
      "name": "jwt_secret",
      "provider": "provider[\"registry.terraform.io/hashicorp/google\"]",
      "instances": [
        {
          "schema_version": 0,
          "attributes": {
            "create_time": "2026-05-19T00:55:09.758211Z",
            "deletion_policy": "DELETE",
            "destroy_time": "",
            "enabled": true,
            "id": "projects/390848004484/secrets/eyevesa-jwt-secret-production/versions/2",
            "is_secret_data_base64": false,
            "name": "projects/390848004484/secrets/eyevesa-jwt-secret-production/versions/2",
            "secret": "projects/eyevesa/secrets/eyevesa-jwt-secret-production",
            "secret_data": "9CnUEAXwBhxQibM8bQDUAvqDRGj3ytVOPcZNjS3cRJLhQctIt8cWwE7I9Ydg0afV",
            "timeouts": null,
            "version": "2"
          },
          "sensitive_attributes": [
            [
              {
                "type": "get_attr",
                "value": "secret_data"
              }
            ]
          ],
          "identity_schema_version": 0,
          "private": "eyJlMmJmYjczMC1lY2FhLTExZTYtOGY4OC0zNDM2M2JjN2M0YzAiOnsiY3JlYXRlIjoxMjAwMDAwMDAwMDAwLCJkZWxldGUiOjEyMDAwMDAwMDAwMDAsInVwZGF0ZSI6MTIwMDAwMDAwMDAwMH19",
          "dependencies": [
            "google_secret_manager_secret.jwt_secret"
          ]
        }
      ]
    },
    {
      "mode": "managed",
      "type": "google_service_networking_connection",
      "name": "private_service_access",
      "provider": "provider[\"registry.terraform.io/hashicorp/google\"]",
      "instances": [
        {
          "schema_version": 0,
          "attributes": {
            "deletion_policy": null,
            "id": "projects%2Feyevesa%2Fglobal%2Fnetworks%2Feyevesa-production:servicenetworking.googleapis.com",
            "network": "projects/eyevesa/global/networks/eyevesa-production",
            "peering": "servicenetworking-googleapis-com",
            "reserved_peering_ranges": [
              "eyevesa-private-service-access-production"
            ],
            "service": "servicenetworking.googleapis.com",
            "timeouts": null,
            "update_on_creation_fail": null
          },
          "sensitive_attributes": [],
          "identity_schema_version": 0,
          "private": "eyJlMmJmYjczMC1lY2FhLTExZTYtOGY4OC0zNDM2M2JjN2M0YzAiOnsiY3JlYXRlIjo2MDAwMDAwMDAwMDAsImRlbGV0ZSI6NjAwMDAwMDAwMDAwLCJ1cGRhdGUiOjYwMDAwMDAwMDAwMH19",
          "dependencies": [
            "google_compute_global_address.private_service_access",
            "google_compute_network.eyevesa"
          ]
        }
      ]
    },
    {
      "mode": "managed",
      "type": "google_sql_database",
      "name": "eyevesa",
      "provider": "provider[\"registry.terraform.io/hashicorp/google\"]",
      "instances": [
        {
          "schema_version": 0,
          "attributes": {
            "charset": "UTF8",
            "collation": "en_US.UTF8",
            "deletion_policy": "DELETE",
            "id": "projects/eyevesa/instances/eyevesa-production-88eb73d8/databases/agentid",
            "instance": "eyevesa-production-88eb73d8",
            "name": "agentid",
            "project": "eyevesa",
            "self_link": "https://sqladmin.googleapis.com/sql/v1beta4/projects/eyevesa/instances/eyevesa-production-88eb73d8/databases/agentid",
            "timeouts": null
          },
          "sensitive_attributes": [],
          "identity_schema_version": 0,
          "private": "eyJlMmJmYjczMC1lY2FhLTExZTYtOGY4OC0zNDM2M2JjN2M0YzAiOnsiY3JlYXRlIjoxMjAwMDAwMDAwMDAwLCJkZWxldGUiOjEyMDAwMDAwMDAwMDAsInVwZGF0ZSI6MTIwMDAwMDAwMDAwMH19",
          "dependencies": [
            "google_compute_global_address.private_service_access",
            "google_compute_network.eyevesa",
            "google_service_networking_connection.private_service_access",
            "google_sql_database_instance.eyevesa",
            "random_id.db_name"
          ]
        }
      ]
    },
    {
      "mode": "managed",
      "type": "google_sql_database_instance",
      "name": "eyevesa",
      "provider": "provider[\"registry.terraform.io/hashicorp/google\"]",
      "instances": [
        {
          "schema_version": 0,
          "attributes": {
            "available_maintenance_versions": [],
            "clone": [],
            "connection_name": "eyevesa:asia-southeast1:eyevesa-production-88eb73d8",
            "database_version": "POSTGRES_16",
            "deletion_protection": true,
            "dns_name": "",
            "encryption_key_name": null,
            "first_ip_address": "10.178.0.3",
            "id": "eyevesa-production-88eb73d8",
            "instance_type": "CLOUD_SQL_INSTANCE",
            "ip_address": [
              {
                "ip_address": "10.178.0.3",
                "time_to_retire": "",
                "type": "PRIVATE"
              }
            ],
            "maintenance_version": "POSTGRES_16_13.R20260319.00_11",
            "master_instance_name": "",
            "name": "eyevesa-production-88eb73d8",
            "private_ip_address": "10.178.0.3",
            "project": "eyevesa",
            "psc_service_attachment_link": "",
            "public_ip_address": "",
            "region": "asia-southeast1",
            "replica_configuration": [],
            "restore_backup_context": [],
            "root_password": null,
            "self_link": "https://sqladmin.googleapis.com/sql/v1beta4/projects/eyevesa/instances/eyevesa-production-88eb73d8",
            "server_ca_cert": [
              {
                "cert": "-----BEGIN CERTIFICATE-----\nMIIDcTCCAlmgAwIBAgIBADANBgkqhkiG9w0BAQsFADBwMS0wKwYDVQQuEyRmMzAy\nM2NlMi1mYmZkLTQxNjYtYjgxMS1mNGFiNzI3ZmI0ZjUxHDAaBgNVBAMTE0Nsb3Vk\nIFNRTCBTZXJ2ZXIgQ0ExFDASBgNVBAoTC0dvb2dsZSwgSW5jMQswCQYDVQQGEwJV\nUzAeFw0yNjA1MTkwMTAwMTZaFw0zNjA1MTYwMTAxMTZaMHAxLTArBgNVBC4TJGYz\nMDIzY2UyLWZiZmQtNDE2Ni1iODExLWY0YWI3MjdmYjRmNTEcMBoGA1UEAxMTQ2xv\ndWQgU1FMIFNlcnZlciBDQTEUMBIGA1UEChMLR29vZ2xlLCBJbmMxCzAJBgNVBAYT\nAlVTMIIBIjANBgkqhkiG9w0BAQEFAAOCAQ8AMIIBCgKCAQEA6zqKH7bpP+B+ZmIK\nt4+s/WS3iuldUaHvwjjZgbA4YtBeltTzd33TXaZN764Pa5uT0SehLIAV2c5tl+4x\ni5clvRFwwR8cRVmCzySR5xRe5BO7hss0ifnwB+fSFJ51QK0WL5lj1zOlVZA2EgvC\nsdeJkjyuBSHHaXVRncdRpCaFyRKyU9/MWZy7wfhKe3e5Fhkv212pRwx19yVNSpR1\nFdRUS2/Y2Vv5eYMWFhWQl6ajIbaVgG2Szf02x5njZFpTjRAp3bqRFwaHYh+cPawr\n4yrHwZycwgMzyQE+ig7PDOQqpAt3HbUFF5LvLZdammu9tBB9wbgWYKxKSY3mfZ4T\nrJVg4wIDAQABoxYwFDASBgNVHRMBAf8ECDAGAQH/AgEAMA0GCSqGSIb3DQEBCwUA\nA4IBAQBLGGfMHrDzURUOnBuVzgFKtcj/LQPTmKHOs7eVe1GNdecEqwo9Mo7dRkWv\nQAUxcmhaPlNpCwXlqeUnsKGWSzHzFXC9FN9wNrHubHdCAHdomXzAqslTJfUFRrZU\nfQS3zUW3DCC7/kyop6voAeYg6riLKW8QCQfKKCa2Zud46W2Xl8IO7D8K0VWkUSlf\nbZIjQPGoelxLGLcli4dpRG6Gx7w5zPtRVAH/JRJFGzgJ66GU+nltsxE+j7y4AeRJ\nLmAewLkounn3H2wF7H5zUqA/RL6CYI8Fiy54f9s3373EYiwRSTh36jkE76CnGwd+\n/avLCm1Uzkzp+/6InMXMkYJC3jEy\n-----END CERTIFICATE-----",
                "common_name": "C=US,O=Google\\, Inc,CN=Cloud SQL Server CA,dnQualifier=f3023ce2-fbfd-4166-b811-f4ab727fb4f5",
                "create_time": "2026-05-19T01:00:16.483Z",
                "expiration_time": "2036-05-16T01:01:16.483Z",
                "sha1_fingerprint": "069c4f0b2aa31049ad5fa37494f30ecf2983f11b"
              }
            ],
            "service_account_email_address": "p390848004484-hyyp5g@gcp-sa-cloud-sql.iam.gserviceaccount.com",
            "settings": [
              {
                "activation_policy": "ALWAYS",
                "active_directory_config": [],
                "advanced_machine_features": [],
                "availability_type": "ZONAL",
                "backup_configuration": [
                  {
                    "backup_retention_settings": [
                      {
                        "retained_backups": 7,
                        "retention_unit": "COUNT"
                      }
                    ],
                    "binary_log_enabled": false,
                    "enabled": false,
                    "location": "",
                    "point_in_time_recovery_enabled": false,
                    "start_time": "05:00",
                    "transaction_log_retention_days": 7
                  }
                ],
                "collation": "",
                "connector_enforcement": "NOT_REQUIRED",
                "data_cache_config": [],
                "database_flags": [
                  {
                    "name": "cloudsql.enable_pgaudit",
                    "value": "off"
                  }
                ],
                "deletion_protection_enabled": false,
                "deny_maintenance_period": [],
                "disk_autoresize": true,
                "disk_autoresize_limit": 0,
                "disk_size": 20,
                "disk_type": "PD_SSD",
                "edition": "ENTERPRISE",
                "enable_dataplex_integration": false,
                "enable_google_ml_integration": false,
                "insights_config": [],
                "ip_configuration": [
                  {
                    "allocated_ip_range": "",
                    "authorized_networks": [],
                    "enable_private_path_for_google_cloud_services": false,
                    "ipv4_enabled": false,
                    "private_network": "projects/eyevesa/global/networks/eyevesa-production",
                    "psc_config": [],
                    "require_ssl": false,
                    "server_ca_mode": "GOOGLE_MANAGED_INTERNAL_CA",
                    "ssl_mode": ""
                  }
                ],
                "location_preference": [
                  {
                    "follow_gae_application": "",
                    "secondary_zone": "",
                    "zone": "asia-southeast1-c"
                  }
                ],
                "maintenance_window": [],
                "password_validation_policy": [],
                "pricing_plan": "PER_USE",
                "sql_server_audit_config": [],
                "tier": "db-custom-2-8192",
                "time_zone": "",
                "user_labels": {},
                "version": 1
              }
            ],
            "timeouts": null
          },
          "sensitive_attributes": [
            [
              {
                "type": "get_attr",
                "value": "root_password"
              }
            ],
            [
              {
                "type": "get_attr",
                "value": "server_ca_cert"
              }
            ]
          ],
          "identity_schema_version": 0,
          "private": "eyJlMmJmYjczMC1lY2FhLTExZTYtOGY4OC0zNDM2M2JjN2M0YzAiOnsiY3JlYXRlIjo1NDAwMDAwMDAwMDAwLCJkZWxldGUiOjU0MDAwMDAwMDAwMDAsInVwZGF0ZSI6NTQwMDAwMDAwMDAwMH19",
          "dependencies": [
            "google_compute_global_address.private_service_access",
            "google_compute_network.eyevesa",
            "google_service_networking_connection.private_service_access",
            "random_id.db_name"
          ]
        }
      ]
    },
    {
      "mode": "managed",
      "type": "google_sql_user",
      "name": "eyevesa",
      "provider": "provider[\"registry.terraform.io/hashicorp/google\"]",
      "instances": [
        {
          "schema_version": 1,
          "attributes": {
            "deletion_policy": null,
            "host": "",
            "id": "agentid//eyevesa-production-88eb73d8",
            "instance": "eyevesa-production-88eb73d8",
            "name": "agentid",
            "password": "wBJAHMHjh7iPtylBCdHzqmc32z1aKhMP",
            "password_policy": [],
            "project": "eyevesa",
            "sql_server_user_details": [],
            "timeouts": null,
            "type": ""
          },
          "sensitive_attributes": [
            [
              {
                "type": "get_attr",
                "value": "password"
              }
            ]
          ],
          "identity_schema_version": 0,
          "private": "eyJlMmJmYjczMC1lY2FhLTExZTYtOGY4OC0zNDM2M2JjN2M0YzAiOnsiY3JlYXRlIjo2MDAwMDAwMDAwMDAsImRlbGV0ZSI6NjAwMDAwMDAwMDAwLCJ1cGRhdGUiOjYwMDAwMDAwMDAwMH0sInNjaGVtYV92ZXJzaW9uIjoiMSJ9",
          "dependencies": [
            "google_compute_global_address.private_service_access",
            "google_compute_network.eyevesa",
            "google_service_networking_connection.private_service_access",
            "google_sql_database_instance.eyevesa",
            "random_id.db_name"
          ]
        }
      ]
    },
    {
      "mode": "managed",
      "type": "google_storage_bucket",
      "name": "eyevesa_static",
      "provider": "provider[\"registry.terraform.io/hashicorp/google\"]",
      "instances": [
        {
          "schema_version": 2,
          "attributes": {
            "autoclass": [],
            "cors": [],
            "custom_placement_config": [],
            "default_event_based_hold": false,
            "effective_labels": {},
            "enable_object_retention": false,
            "encryption": [],
            "force_destroy": false,
            "id": "eyevesa-static-production-88eb73d8",
            "labels": {},
            "lifecycle_rule": [],
            "location": "ASIA-SOUTHEAST1",
            "logging": [],
            "name": "eyevesa-static-production-88eb73d8",
            "project": "eyevesa",
            "project_number": 390848004484,
            "public_access_prevention": "inherited",
            "requester_pays": false,
            "retention_policy": [],
            "rpo": null,
            "self_link": "https://www.googleapis.com/storage/v1/b/eyevesa-static-production-88eb73d8",
            "soft_delete_policy": [
              {
                "effective_time": "2026-05-19T00:44:56.494Z",
                "retention_duration_seconds": 604800
              }
            ],
            "storage_class": "STANDARD",
            "terraform_labels": {},
            "timeouts": null,
            "uniform_bucket_level_access": false,
            "url": "gs://eyevesa-static-production-88eb73d8",
            "versioning": [],
            "website": []
          },
          "sensitive_attributes": [],
          "identity_schema_version": 0,
          "private": "eyJlMmJmYjczMC1lY2FhLTExZTYtOGY4OC0zNDM2M2JjN2M0YzAiOnsiY3JlYXRlIjo2MDAwMDAwMDAwMDAsInJlYWQiOjI0MDAwMDAwMDAwMCwidXBkYXRlIjoyNDAwMDAwMDAwMDB9LCJzY2hlbWFfdmVyc2lvbiI6IjIifQ==",
          "dependencies": [
            "random_id.db_name"
          ]
        }
      ]
    },
    {
      "mode": "managed",
      "type": "google_vpc_access_connector",
      "name": "eyevesa",
      "provider": "provider[\"registry.terraform.io/hashicorp/google\"]",
      "instances": [
        {
          "schema_version": 0,
          "attributes": {
            "connected_projects": [],
            "id": "projects/eyevesa/locations/asia-southeast1/connectors/eyevesa-production",
            "ip_cidr_range": "10.8.0.0/28",
            "machine_type": "e2-micro",
            "max_instances": 3,
            "max_throughput": 300,
            "min_instances": 2,
            "min_throughput": 200,
            "name": "eyevesa-production",
            "network": "eyevesa-production",
            "project": "eyevesa",
            "region": "asia-southeast1",
            "self_link": "projects/eyevesa/locations/asia-southeast1/connectors/eyevesa-production",
            "state": "READY",
            "subnet": [],
            "timeouts": null
          },
          "sensitive_attributes": [],
          "identity_schema_version": 0,
          "private": "eyJlMmJmYjczMC1lY2FhLTExZTYtOGY4OC0zNDM2M2JjN2M0YzAiOnsiY3JlYXRlIjoxMjAwMDAwMDAwMDAwLCJkZWxldGUiOjEyMDAwMDAwMDAwMDB9LCJzY2hlbWFfdmVyc2lvbiI6IjAifQ==",
          "dependencies": [
            "google_compute_network.eyevesa"
          ]
        }
      ]
    },
    {
      "mode": "managed",
      "type": "null_resource",
      "name": "enable_pgvector",
      "provider": "provider[\"registry.terraform.io/hashicorp/null\"]",
      "instances": [
        {
          "schema_version": 0,
          "attributes": {
            "id": "2887610946514000592",
            "triggers": {
              "instance": "eyevesa-production-88eb73d8"
            }
          },
          "sensitive_attributes": [],
          "identity_schema_version": 0,
          "dependencies": [
            "google_compute_global_address.private_service_access",
            "google_compute_network.eyevesa",
            "google_service_networking_connection.private_service_access",
            "google_sql_database_instance.eyevesa",
            "google_sql_user.eyevesa",
            "random_id.db_name"
          ]
        }
      ]
    },
    {
      "mode": "managed",
      "type": "random_id",
      "name": "db_name",
      "provider": "provider[\"registry.terraform.io/hashicorp/random\"]",
      "instances": [
        {
          "schema_version": 0,
          "attributes": {
            "b64_std": "iOtz2A==",
            "b64_url": "iOtz2A",
            "byte_length": 4,
            "dec": "2297131992",
            "hex": "88eb73d8",
            "id": "iOtz2A",
            "keepers": null,
            "prefix": null
          },
          "sensitive_attributes": [],
          "identity_schema_version": 0
        }
      ]
    },
    {
      "mode": "managed",
      "type": "tls_private_key",
      "name": "eyevesa",
      "provider": "provider[\"registry.terraform.io/hashicorp/tls\"]",
      "instances": [
        {
          "schema_version": 1,
          "attributes": {
            "algorithm": "RSA",
            "ecdsa_curve": "P224",
            "id": "1e9e1edfb5d26042cd974b9c97395deb58bc9af9",
            "private_key_openssh": "-----BEGIN OPENSSH PRIVATE KEY-----\nb3BlbnNzaC1rZXktdjEAAAAABG5vbmUAAAAEbm9uZQAAAAAAAAABAAABFwAAAAdz\nc2gtcnNhAAAAAwEAAQAAAQEA1BnarQjfnfP88ye+TU6BYosCzv3xqp1G+Zs6VrAn\npAJaxqfinz9svPXP9RdQ8qNugTiREUCIh1mSCR5vALRaDuCGUGlNBqF49Has0TXO\nKUQaqu3MK07PN8JB7SXWwZsXVOn+K8zEx3MkW8/Bko/bkAaNlEMuAhf4bBD2skvN\nP9xyaGsrhg8CBDfG06rPLMmlr/RzwyhkE/kJsZOjAV04OOjgyKgsUf5Kr1hNcDCY\nLJq063NNcltdKmNmjOlug7ZlRKiuvHAKj9Q5Yr4NHbsW1n426YUnSi4fueylvm2S\nsMiJFtzV5P0QXmtULgTHI6ng2uYCyv0IWP/72iBd2n3q2wAAA7i8WEnLvFhJywAA\nAAdzc2gtcnNhAAABAQDUGdqtCN+d8/zzJ75NToFiiwLO/fGqnUb5mzpWsCekAlrG\np+KfP2y89c/1F1Dyo26BOJERQIiHWZIJHm8AtFoO4IZQaU0GoXj0dqzRNc4pRBqq\n7cwrTs83wkHtJdbBmxdU6f4rzMTHcyRbz8GSj9uQBo2UQy4CF/hsEPayS80/3HJo\nayuGDwIEN8bTqs8syaWv9HPDKGQT+Qmxk6MBXTg46ODIqCxR/kqvWE1wMJgsmrTr\nc01yW10qY2aM6W6DtmVEqK68cAqP1Dlivg0duxbWfjbphSdKLh+57KW+bZKwyIkW\n3NXk/RBea1QuBMcjqeDa5gLK/QhY//vaIF3aferbAAAAAwEAAQAAAQAaIjFifqRm\n5ug04aG+Dr08chpffMSpHAXhvXGbusq3l56tuYPf0UXJppQAA+Zybxavj1O4h3YL\nD0tCGmDc+lvaV2nVQJRAC+dGX9T9Vh7X0M9kXjZ445X+rc3HtZDXfA+M4+Pwa6OX\nW6WQNnIIZ/dKsLQDH5/snB182z46S8K3am13LCskXl5LF8wbl3gkWBJHDg4tQZ37\nCbmxme2lkM1CxKckA/uWhg4WUF4R9Cj1fOEnqp1tZzV1qkHb0S2xQmlBPN4W1A4Q\nCth2G1P7r7D7sY6RzLn1mw5n7e8Plf1ooPbgZFZ+KkCJP+Em5441P/FvUCMFn5Hm\naQ6duQou2NLpAAAAgQCp/GYyS7Zw/hLJLPhuSWUxjYzfDdTRPGloLgg8q9mgFUJS\ni38HVBUGT1mYm7dZ4mZeUa3iEg2J/LBZYYaVU1BiZSYgquVegtmvnAlNUhPPszZX\noOimpiA53hL63/9HiNH2KiN9rOJC/3PmvahDTkmS9CKAjH2t+pQEeGytgpi6PwAA\nAIEA1G4rdWbxxorAuQV7/uvgL93MnYi5SY4vB90zH6JbjOuHdLTqvIlv4pz+mnPS\nxpFcxwJpn93Sp87aX6xjHBCKJfwBSKXmVFAqaOssD5XkLY6kJXTtITQ/36gsKdlP\nWg0WK1F0wGKRtJy6BbequUpF8HgCHWsG88Q8lPSN810aP/8AAACBAP+aZCjeXGUe\nCAY/cEnGuP+pHySWcSgiUKhKYwKD7RFd/txxOkNaDTriLe/oi4FYm5c3syBgG/DF\nx8AE2tt0mJ9q89Lm0hfDbEuB0SOzSFqzdzXm//QBKjMqsPMtFO64e2CtLclHrqQm\nXhLua2RXLqgYh3CnHYCHm6VTl22RjVUlAAAAAAEC\n-----END OPENSSH PRIVATE KEY-----\n",
            "private_key_pem": "-----BEGIN RSA PRIVATE KEY-----\nMIIEpAIBAAKCAQEA1BnarQjfnfP88ye+TU6BYosCzv3xqp1G+Zs6VrAnpAJaxqfi\nnz9svPXP9RdQ8qNugTiREUCIh1mSCR5vALRaDuCGUGlNBqF49Has0TXOKUQaqu3M\nK07PN8JB7SXWwZsXVOn+K8zEx3MkW8/Bko/bkAaNlEMuAhf4bBD2skvNP9xyaGsr\nhg8CBDfG06rPLMmlr/RzwyhkE/kJsZOjAV04OOjgyKgsUf5Kr1hNcDCYLJq063NN\ncltdKmNmjOlug7ZlRKiuvHAKj9Q5Yr4NHbsW1n426YUnSi4fueylvm2SsMiJFtzV\n5P0QXmtULgTHI6ng2uYCyv0IWP/72iBd2n3q2wIDAQABAoIBABoiMWJ+pGbm6DTh\nob4OvTxyGl98xKkcBeG9cZu6yreXnq25g9/RRcmmlAAD5nJvFq+PU7iHdgsPS0Ia\nYNz6W9pXadVAlEAL50Zf1P1WHtfQz2ReNnjjlf6tzce1kNd8D4zj4/Bro5dbpZA2\ncghn90qwtAMfn+ycHXzbPjpLwrdqbXcsKyReXksXzBuXeCRYEkcODi1BnfsJubGZ\n7aWQzULEpyQD+5aGDhZQXhH0KPV84SeqnW1nNXWqQdvRLbFCaUE83hbUDhAK2HYb\nU/uvsPuxjpHMufWbDmft7w+V/Wig9uBkVn4qQIk/4SbnjjU/8W9QIwWfkeZpDp25\nCi7Y0ukCgYEA1G4rdWbxxorAuQV7/uvgL93MnYi5SY4vB90zH6JbjOuHdLTqvIlv\n4pz+mnPSxpFcxwJpn93Sp87aX6xjHBCKJfwBSKXmVFAqaOssD5XkLY6kJXTtITQ/\n36gsKdlPWg0WK1F0wGKRtJy6BbequUpF8HgCHWsG88Q8lPSN810aP/8CgYEA/5pk\nKN5cZR4IBj9wSca4/6kfJJZxKCJQqEpjAoPtEV3+3HE6Q1oNOuIt7+iLgViblzez\nIGAb8MXHwATa23SYn2rz0ubSF8NsS4HRI7NIWrN3Neb/9AEqMyqw8y0U7rh7YK0t\nyUeupCZeEu5rZFcuqBiHcKcdgIebpVOXbZGNVSUCgYB7HGIJRyDlfHJWiAwlX9Ps\nSbGUtrETJNiyyQog0joWgEVfaJ4Fp+z0uyF+p5NGyuWm3AoUwTydTe8WtVQ25or5\nmoOv8515zX/WkDxXx/mWQW112761mI9P8imuEye+u4jWj/2GpVll/9J7D8dcXOQN\nia9IF0fPLDIj7Vr66EEXRwKBgQCFnlxF0RhT9AMV4Qv+RVhoriyNn+e/p1Cq6Vgg\n9H512cFl0/s1QlowMhT5mYN0NrH/typ4/kUc9QebJe6TUryGeg7Ebc3ehlaSkmaW\nVx6366GiGAQttn4tCWA/f421zdMRkvaghkyRm00KcIDLj5fgYBJNnc8aZcnD/5Ll\nwHU10QKBgQCp/GYyS7Zw/hLJLPhuSWUxjYzfDdTRPGloLgg8q9mgFUJSi38HVBUG\nT1mYm7dZ4mZeUa3iEg2J/LBZYYaVU1BiZSYgquVegtmvnAlNUhPPszZXoOimpiA5\n3hL63/9HiNH2KiN9rOJC/3PmvahDTkmS9CKAjH2t+pQEeGytgpi6Pw==\n-----END RSA PRIVATE KEY-----\n",
            "private_key_pem_pkcs8": "-----BEGIN PRIVATE KEY-----\nMIIEvgIBADANBgkqhkiG9w0BAQEFAASCBKgwggSkAgEAAoIBAQDUGdqtCN+d8/zz\nJ75NToFiiwLO/fGqnUb5mzpWsCekAlrGp+KfP2y89c/1F1Dyo26BOJERQIiHWZIJ\nHm8AtFoO4IZQaU0GoXj0dqzRNc4pRBqq7cwrTs83wkHtJdbBmxdU6f4rzMTHcyRb\nz8GSj9uQBo2UQy4CF/hsEPayS80/3HJoayuGDwIEN8bTqs8syaWv9HPDKGQT+Qmx\nk6MBXTg46ODIqCxR/kqvWE1wMJgsmrTrc01yW10qY2aM6W6DtmVEqK68cAqP1Dli\nvg0duxbWfjbphSdKLh+57KW+bZKwyIkW3NXk/RBea1QuBMcjqeDa5gLK/QhY//va\nIF3aferbAgMBAAECggEAGiIxYn6kZuboNOGhvg69PHIaX3zEqRwF4b1xm7rKt5ee\nrbmD39FFyaaUAAPmcm8Wr49TuId2Cw9LQhpg3Ppb2ldp1UCUQAvnRl/U/VYe19DP\nZF42eOOV/q3Nx7WQ13wPjOPj8Gujl1ulkDZyCGf3SrC0Ax+f7JwdfNs+OkvCt2pt\ndywrJF5eSxfMG5d4JFgSRw4OLUGd+wm5sZntpZDNQsSnJAP7loYOFlBeEfQo9Xzh\nJ6qdbWc1dapB29EtsUJpQTzeFtQOEArYdhtT+6+w+7GOkcy59ZsOZ+3vD5X9aKD2\n4GRWfipAiT/hJueONT/xb1AjBZ+R5mkOnbkKLtjS6QKBgQDUbit1ZvHGisC5BXv+\n6+Av3cydiLlJji8H3TMfoluM64d0tOq8iW/inP6ac9LGkVzHAmmf3dKnztpfrGMc\nEIol/AFIpeZUUCpo6ywPleQtjqQldO0hND/fqCwp2U9aDRYrUXTAYpG0nLoFt6q5\nSkXweAIdawbzxDyU9I3zXRo//wKBgQD/mmQo3lxlHggGP3BJxrj/qR8klnEoIlCo\nSmMCg+0RXf7ccTpDWg064i3v6IuBWJuXN7MgYBvwxcfABNrbdJifavPS5tIXw2xL\ngdEjs0has3c15v/0ASozKrDzLRTuuHtgrS3JR66kJl4S7mtkVy6oGIdwpx2Ah5ul\nU5dtkY1VJQKBgHscYglHIOV8claIDCVf0+xJsZS2sRMk2LLJCiDSOhaARV9ongWn\n7PS7IX6nk0bK5abcChTBPJ1N7xa1VDbmivmag6/znXnNf9aQPFfH+ZZBbXXbvrWY\nj0/yKa4TJ767iNaP/YalWWX/0nsPx1xc5A2Jr0gXR88sMiPtWvroQRdHAoGBAIWe\nXEXRGFP0AxXhC/5FWGiuLI2f57+nUKrpWCD0fnXZwWXT+zVCWjAyFPmZg3Q2sf+3\nKnj+RRz1B5sl7pNSvIZ6DsRtzd6GVpKSZpZXHrfroaIYBC22fi0JYD9/jbXN0xGS\n9qCGTJGbTQpwgMuPl+BgEk2dzxplycP/kuXAdTXRAoGBAKn8ZjJLtnD+Esks+G5J\nZTGNjN8N1NE8aWguCDyr2aAVQlKLfwdUFQZPWZibt1niZl5RreISDYn8sFlhhpVT\nUGJlJiCq5V6C2a+cCU1SE8+zNleg6KamIDneEvrf/0eI0fYqI32s4kL/c+a9qENO\nSZL0IoCMfa36lAR4bK2CmLo/\n-----END PRIVATE KEY-----\n",
            "public_key_fingerprint_md5": "0e:c4:92:4f:48:7c:fd:4f:e2:1e:0c:f5:02:cf:9b:0f",
            "public_key_fingerprint_sha256": "SHA256:DdpJu+pRegwUjH5CZ/e8Tw+KWTTomQHiWYoZ5uKibZo",
            "public_key_openssh": "ssh-rsa AAAAB3NzaC1yc2EAAAADAQABAAABAQDUGdqtCN+d8/zzJ75NToFiiwLO/fGqnUb5mzpWsCekAlrGp+KfP2y89c/1F1Dyo26BOJERQIiHWZIJHm8AtFoO4IZQaU0GoXj0dqzRNc4pRBqq7cwrTs83wkHtJdbBmxdU6f4rzMTHcyRbz8GSj9uQBo2UQy4CF/hsEPayS80/3HJoayuGDwIEN8bTqs8syaWv9HPDKGQT+Qmxk6MBXTg46ODIqCxR/kqvWE1wMJgsmrTrc01yW10qY2aM6W6DtmVEqK68cAqP1Dlivg0duxbWfjbphSdKLh+57KW+bZKwyIkW3NXk/RBea1QuBMcjqeDa5gLK/QhY//vaIF3aferb\n",
            "public_key_pem": "-----BEGIN PUBLIC KEY-----\nMIIBIjANBgkqhkiG9w0BAQEFAAOCAQ8AMIIBCgKCAQEA1BnarQjfnfP88ye+TU6B\nYosCzv3xqp1G+Zs6VrAnpAJaxqfinz9svPXP9RdQ8qNugTiREUCIh1mSCR5vALRa\nDuCGUGlNBqF49Has0TXOKUQaqu3MK07PN8JB7SXWwZsXVOn+K8zEx3MkW8/Bko/b\nkAaNlEMuAhf4bBD2skvNP9xyaGsrhg8CBDfG06rPLMmlr/RzwyhkE/kJsZOjAV04\nOOjgyKgsUf5Kr1hNcDCYLJq063NNcltdKmNmjOlug7ZlRKiuvHAKj9Q5Yr4NHbsW\n1n426YUnSi4fueylvm2SsMiJFtzV5P0QXmtULgTHI6ng2uYCyv0IWP/72iBd2n3q\n2wIDAQAB\n-----END PUBLIC KEY-----\n",
            "rsa_bits": 2048
          },
          "sensitive_attributes": [
            [
              {
                "type": "get_attr",
                "value": "private_key_openssh"
              }
            ],
            [
              {
                "type": "get_attr",
                "value": "private_key_pem"
              }
            ],
            [
              {
                "type": "get_attr",
                "value": "private_key_pem_pkcs8"
              }
            ]
          ],
          "identity_schema_version": 0
        }
      ]
    },
    {
      "mode": "managed",
      "type": "tls_self_signed_cert",
      "name": "eyevesa",
      "provider": "provider[\"registry.terraform.io/hashicorp/tls\"]",
      "instances": [
        {
          "schema_version": 0,
          "attributes": {
            "allowed_uses": [
              "key_encipherment",
              "digital_signature",
              "server_auth"
            ],
            "cert_pem": "-----BEGIN CERTIFICATE-----\nMIIDPDCCAiSgAwIBAgIQQ303M2nsgog5RdZ8VFUcZDANBgkqhkiG9w0BAQsFADAv\nMRAwDgYDVQQKEwdleWVWZXNhMRswGQYDVQQDExJnYXRld2F5LmV5ZXZlc2EuYWkw\nHhcNMjYwNTE5MDA0NDU0WhcNMjcwNTE5MDA0NDU0WjAvMRAwDgYDVQQKEwdleWVW\nZXNhMRswGQYDVQQDExJnYXRld2F5LmV5ZXZlc2EuYWkwggEiMA0GCSqGSIb3DQEB\nAQUAA4IBDwAwggEKAoIBAQDUGdqtCN+d8/zzJ75NToFiiwLO/fGqnUb5mzpWsCek\nAlrGp+KfP2y89c/1F1Dyo26BOJERQIiHWZIJHm8AtFoO4IZQaU0GoXj0dqzRNc4p\nRBqq7cwrTs83wkHtJdbBmxdU6f4rzMTHcyRbz8GSj9uQBo2UQy4CF/hsEPayS80/\n3HJoayuGDwIEN8bTqs8syaWv9HPDKGQT+Qmxk6MBXTg46ODIqCxR/kqvWE1wMJgs\nmrTrc01yW10qY2aM6W6DtmVEqK68cAqP1Dlivg0duxbWfjbphSdKLh+57KW+bZKw\nyIkW3NXk/RBea1QuBMcjqeDa5gLK/QhY//vaIF3aferbAgMBAAGjVDBSMA4GA1Ud\nDwEB/wQEAwIFoDATBgNVHSUEDDAKBggrBgEFBQcDATAMBgNVHRMBAf8EAjAAMB0G\nA1UdEQQWMBSCEmdhdGV3YXkuZXlldmVzYS5haTANBgkqhkiG9w0BAQsFAAOCAQEA\nyXEjOxo6XuE7gVk0EVIl6i83Ij9bCe3GJJdyZYViadFt0DxoNW1CFB7qRinpcFuj\n2qycIgfOa8SbncgK9eSTpl3OLIG3/iRBuLLNC06z+EVDqIcecI5Uj6+T6sjhMVmC\nEAWBahEGRrpOxb6H4Tzt7ZlOZK57UIQ0X4hwmnzBCxc/hk+itwLIG3V5ZcFzIwqX\n1T2nLf+wWqWVaeQ9XJtjlNF7mqdQ/FVYP3R1/PmIqpkThbBnQRebjS5BOSqTaEMQ\nu3PHUaZvco12X3tL9zhWvx4tOx7t+kyq8JCqK6IKaJMDQBHkEtcII5YnW/sMD9vX\ncoQKQTQV82KMxshXVy6Muw==\n-----END CERTIFICATE-----\n",
            "dns_names": [
              "gateway.eyevesa.ai"
            ],
            "early_renewal_hours": 0,
            "id": "89708432430852554952673111692241345636",
            "ip_addresses": null,
            "is_ca_certificate": false,
            "key_algorithm": "RSA",
            "max_path_length": null,
            "private_key_pem": "-----BEGIN RSA PRIVATE KEY-----\nMIIEpAIBAAKCAQEA1BnarQjfnfP88ye+TU6BYosCzv3xqp1G+Zs6VrAnpAJaxqfi\nnz9svPXP9RdQ8qNugTiREUCIh1mSCR5vALRaDuCGUGlNBqF49Has0TXOKUQaqu3M\nK07PN8JB7SXWwZsXVOn+K8zEx3MkW8/Bko/bkAaNlEMuAhf4bBD2skvNP9xyaGsr\nhg8CBDfG06rPLMmlr/RzwyhkE/kJsZOjAV04OOjgyKgsUf5Kr1hNcDCYLJq063NN\ncltdKmNmjOlug7ZlRKiuvHAKj9Q5Yr4NHbsW1n426YUnSi4fueylvm2SsMiJFtzV\n5P0QXmtULgTHI6ng2uYCyv0IWP/72iBd2n3q2wIDAQABAoIBABoiMWJ+pGbm6DTh\nob4OvTxyGl98xKkcBeG9cZu6yreXnq25g9/RRcmmlAAD5nJvFq+PU7iHdgsPS0Ia\nYNz6W9pXadVAlEAL50Zf1P1WHtfQz2ReNnjjlf6tzce1kNd8D4zj4/Bro5dbpZA2\ncghn90qwtAMfn+ycHXzbPjpLwrdqbXcsKyReXksXzBuXeCRYEkcODi1BnfsJubGZ\n7aWQzULEpyQD+5aGDhZQXhH0KPV84SeqnW1nNXWqQdvRLbFCaUE83hbUDhAK2HYb\nU/uvsPuxjpHMufWbDmft7w+V/Wig9uBkVn4qQIk/4SbnjjU/8W9QIwWfkeZpDp25\nCi7Y0ukCgYEA1G4rdWbxxorAuQV7/uvgL93MnYi5SY4vB90zH6JbjOuHdLTqvIlv\n4pz+mnPSxpFcxwJpn93Sp87aX6xjHBCKJfwBSKXmVFAqaOssD5XkLY6kJXTtITQ/\n36gsKdlPWg0WK1F0wGKRtJy6BbequUpF8HgCHWsG88Q8lPSN810aP/8CgYEA/5pk\nKN5cZR4IBj9wSca4/6kfJJZxKCJQqEpjAoPtEV3+3HE6Q1oNOuIt7+iLgViblzez\nIGAb8MXHwATa23SYn2rz0ubSF8NsS4HRI7NIWrN3Neb/9AEqMyqw8y0U7rh7YK0t\nyUeupCZeEu5rZFcuqBiHcKcdgIebpVOXbZGNVSUCgYB7HGIJRyDlfHJWiAwlX9Ps\nSbGUtrETJNiyyQog0joWgEVfaJ4Fp+z0uyF+p5NGyuWm3AoUwTydTe8WtVQ25or5\nmoOv8515zX/WkDxXx/mWQW112761mI9P8imuEye+u4jWj/2GpVll/9J7D8dcXOQN\nia9IF0fPLDIj7Vr66EEXRwKBgQCFnlxF0RhT9AMV4Qv+RVhoriyNn+e/p1Cq6Vgg\n9H512cFl0/s1QlowMhT5mYN0NrH/typ4/kUc9QebJe6TUryGeg7Ebc3ehlaSkmaW\nVx6366GiGAQttn4tCWA/f421zdMRkvaghkyRm00KcIDLj5fgYBJNnc8aZcnD/5Ll\nwHU10QKBgQCp/GYyS7Zw/hLJLPhuSWUxjYzfDdTRPGloLgg8q9mgFUJSi38HVBUG\nT1mYm7dZ4mZeUa3iEg2J/LBZYYaVU1BiZSYgquVegtmvnAlNUhPPszZXoOimpiA5\n3hL63/9HiNH2KiN9rOJC/3PmvahDTkmS9CKAjH2t+pQEeGytgpi6Pw==\n-----END RSA PRIVATE KEY-----\n",
            "ready_for_renewal": false,
            "set_authority_key_id": false,
            "set_subject_key_id": false,
            "subject": [
              {
                "common_name": "gateway.eyevesa.ai",
                "country": null,
                "email_address": null,
                "locality": null,
                "organization": "eyeVesa",
                "organizational_unit": null,
                "postal_code": null,
                "province": null,
                "serial_number": null,
                "street_address": null
              }
            ],
            "uris": null,
            "validity_end_time": "2027-05-19T08:44:54.136482+08:00",
            "validity_period_hours": 8760,
            "validity_start_time": "2026-05-19T08:44:54.136482+08:00"
          },
          "sensitive_attributes": [
            [
              {
                "type": "get_attr",
                "value": "private_key_pem"
              }
            ]
          ],
          "identity_schema_version": 0,
          "dependencies": [
            "tls_private_key.eyevesa"
          ]
        }
      ]
    }
  ],
  "check_results": null
}
